version: 4
hub:
    repo: https://github.com/muonsoft/skills.git
    ref: main
    commit: 9de6fe9b278bf04a2327002c2de222b40499cd37
preset: experimental
include:
    - id: codex-orchestration
    - id: rust-skills
    - id: ui-ux-pro-max
    - id: web-static-frontend
    - id: modern-web-guidance
providers:
    - claude
    - codex
    - cursor
selected_packages:
    - agent-memory-usage
    - agentmem-onboarding
    - banner-design
    - brand
    - closeout
    - codex-orchestration
    - database-migrations
    - design
    - design-system
    - improve
    - mcp-tool-input-schema
    - modern-web-guidance
    - rust-skills
    - skill-authoring
    - slides
    - structural-code-review
    - ui-styling
    - ui-ux-pro-max
    - web-static-frontend
    - work-intake
packages:
    agent-memory-usage:
        hub_path: devtools/agent-memory-usage
        upstream_hash: sha256:78d0a36fb2d7bdf1341dcd977332a2af077d6a65122a6216ef498d2b6e78060c
        artifacts:
            - id: skill
              kind: skill
              mode: tree
              src: .
              dest: .agents/skills/agent-memory-usage
              installed_hash: sha256:78d0a36fb2d7bdf1341dcd977332a2af077d6a65122a6216ef498d2b6e78060c
    agentmem-onboarding:
        hub_path: devtools/agentmem-onboarding
        upstream_hash: sha256:ffe3203eac7725247536cd61ae569ba2a2daffabcf85fdfc947473dd90896798
        artifacts:
            - id: skill
              kind: skill
              mode: tree
              src: .
              dest: .agents/skills/agentmem-onboarding
              installed_hash: sha256:ffe3203eac7725247536cd61ae569ba2a2daffabcf85fdfc947473dd90896798
    banner-design:
        hub_path: frontend/design/banner-design
        upstream_hash: sha256:8eaffdff06bd5fca67554fed470ea2472299e9fc4afa6393b4ebcbd9d809e8e5
        artifacts:
            - id: skill
              kind: skill
              mode: tree
              src: .
              dest: .agents/skills/banner-design
              installed_hash: sha256:8eaffdff06bd5fca67554fed470ea2472299e9fc4afa6393b4ebcbd9d809e8e5
    brand:
        hub_path: frontend/design/brand
        upstream_hash: sha256:c8147a97089bb75c27c31155ab38fe764f176d72ac7abd714626a99c13ee301e
        artifacts:
            - id: skill
              kind: skill
              mode: tree
              src: .
              dest: .agents/skills/brand
              installed_hash: sha256:c8147a97089bb75c27c31155ab38fe764f176d72ac7abd714626a99c13ee301e
    closeout:
        hub_path: devtools/closeout
        upstream_hash: sha256:5a27c7df3ffe03131b5a986696d097a562dc54e2a16542dfe0139fcd18474a87
        artifacts:
            - id: skill
              kind: skill
              mode: tree
              src: .
              dest: .agents/skills/closeout
              installed_hash: sha256:5a27c7df3ffe03131b5a986696d097a562dc54e2a16542dfe0139fcd18474a87
    codex-orchestration:
        hub_path: process/codex-orchestration
        upstream_hash: sha256:019c23a9785514f74384e5153f26fd330c50fb20a73abfbcbf4a72b701e51734
        artifacts:
            - id: skill
              kind: skill
              mode: tree
              src: .
              dest: .agents/skills/codex-orchestration
              installed_hash: sha256:019c23a9785514f74384e5153f26fd330c50fb20a73abfbcbf4a72b701e51734
    database-migrations:
        hub_path: databases/database-migrations
        upstream_hash: sha256:14f4bf07ebf3ef1d67feedf3733648c73d718c8127bdeaff1d1d84dbac77bece
        artifacts:
            - id: skill
              kind: skill
              mode: tree
              src: .
              dest: .agents/skills/database-migrations
              installed_hash: sha256:14f4bf07ebf3ef1d67feedf3733648c73d718c8127bdeaff1d1d84dbac77bece
    design:
        hub_path: frontend/design/design
        upstream_hash: sha256:abf12bf2bcfb2cf73106808e106b9706b193bda419bb9ea884d4c6279d821a59
        artifacts:
            - id: skill
              kind: skill
              mode: tree
              src: .
              dest: .agents/skills/design
              installed_hash: sha256:abf12bf2bcfb2cf73106808e106b9706b193bda419bb9ea884d4c6279d821a59
    design-system:
        hub_path: frontend/design/design-system
        upstream_hash: sha256:6b6848e27394d51319aa26b6339a7e6aa3e9dd6c9c3c6d1dc6d7d7b1583715a8
        artifacts:
            - id: skill
              kind: skill
              mode: tree
              src: .
              dest: .agents/skills/design-system
              installed_hash: sha256:6b6848e27394d51319aa26b6339a7e6aa3e9dd6c9c3c6d1dc6d7d7b1583715a8
    improve:
        hub_path: frontend/design/improve
        upstream_hash: sha256:20fe2dad0e22ab6409aece8a1222408ecbd81ac80279110016573ef5bdddc9fc
        artifacts:
            - id: skill
              kind: skill
              mode: tree
              src: .
              dest: .agents/skills/improve
              installed_hash: sha256:20fe2dad0e22ab6409aece8a1222408ecbd81ac80279110016573ef5bdddc9fc
    mcp-tool-input-schema:
        hub_path: integration/mcp-tool-input-schema
        upstream_hash: sha256:557f6ec7f118bd436d12a443bde3be17aa0201209ff1140630e53c4824d43c3f
        artifacts:
            - id: skill
              kind: skill
              mode: tree
              src: .
              dest: .agents/skills/mcp-tool-input-schema
              installed_hash: sha256:557f6ec7f118bd436d12a443bde3be17aa0201209ff1140630e53c4824d43c3f
    modern-web-guidance:
        hub_path: frontend/web/modern-web-guidance
        upstream_hash: sha256:ad754389a1f7d6ca8e9e08119c1738305448327ad85447e3e6b81fbbc321136e
        artifacts:
            - id: skill
              kind: skill
              mode: tree
              src: .
              dest: .agents/skills/modern-web-guidance
              installed_hash: sha256:ad754389a1f7d6ca8e9e08119c1738305448327ad85447e3e6b81fbbc321136e
    rust-skills:
        hub_path: languages/rust/rust-skills
        upstream_hash: sha256:55af41748010d6ed728cce540e086bd47dc2fa4a88fb2e7cc606f9f4d001cfdd
        artifacts:
            - id: skill
              kind: skill
              mode: tree
              src: .
              dest: .agents/skills/rust-skills
              installed_hash: sha256:55af41748010d6ed728cce540e086bd47dc2fa4a88fb2e7cc606f9f4d001cfdd
    skill-authoring:
        hub_path: devtools/skill-authoring
        upstream_hash: sha256:c9c83732555c674095cf70d291810513c98c42436115955ae95a494c4fddc265
        artifacts:
            - id: skill
              kind: skill
              mode: tree
              src: .
              dest: .agents/skills/skill-authoring
              installed_hash: sha256:c9c83732555c674095cf70d291810513c98c42436115955ae95a494c4fddc265
    slides:
        hub_path: frontend/design/slides
        upstream_hash: sha256:cf265eda682febc515b73ec146b264c37e38efb27b8b9442c5246ebde84cb55b
        artifacts:
            - id: skill
              kind: skill
              mode: tree
              src: .
              dest: .agents/skills/slides
              installed_hash: sha256:cf265eda682febc515b73ec146b264c37e38efb27b8b9442c5246ebde84cb55b
    structural-code-review:
        hub_path: process/structural-code-review
        upstream_hash: sha256:8618f330809c058ef7f0a2032830dc4bf790220a7c15d1959ba4c07bcb310d38
        artifacts:
            - id: skill
              kind: skill
              mode: tree
              src: .
              dest: .agents/skills/structural-code-review
              installed_hash: sha256:8618f330809c058ef7f0a2032830dc4bf790220a7c15d1959ba4c07bcb310d38
    ui-styling:
        hub_path: frontend/design/ui-styling
        upstream_hash: sha256:0f5f1dfb5b62c2eb5e14046583e703f453a516f66f7d0f5620bb70f6e38e64b1
        artifacts:
            - id: skill
              kind: skill
              mode: tree
              src: .
              dest: .agents/skills/ui-styling
              installed_hash: sha256:0f5f1dfb5b62c2eb5e14046583e703f453a516f66f7d0f5620bb70f6e38e64b1
    ui-ux-pro-max:
        hub_path: frontend/design/ui-ux-pro-max
        upstream_hash: sha256:845bd0a1875a683db344ca2f3bc44c7859c79553e92bed06996ebd6ea5e40c67
        artifacts:
            - id: skill
              kind: skill
              mode: tree
              src: .
              dest: .agents/skills/ui-ux-pro-max
              installed_hash: sha256:845bd0a1875a683db344ca2f3bc44c7859c79553e92bed06996ebd6ea5e40c67
    web-static-frontend:
        hub_path: frontend/web/web-static-frontend
        upstream_hash: sha256:0fe7f2a99b793b0b7d80073d040ec449f4748a4c33153815b9750dd647e35529
        artifacts:
            - id: skill
              kind: skill
              mode: tree
              src: .
              dest: .agents/skills/web-static-frontend
              installed_hash: sha256:0fe7f2a99b793b0b7d80073d040ec449f4748a4c33153815b9750dd647e35529
    work-intake:
        hub_path: process/work-intake
        upstream_hash: sha256:f57f6930dac1445ea8815a4101b578f14cc17e4b75b789f2fe8527c6b90eeb39
        artifacts:
            - id: skill
              kind: skill
              mode: tree
              src: .
              dest: .agents/skills/work-intake
              installed_hash: sha256:f57f6930dac1445ea8815a4101b578f14cc17e4b75b789f2fe8527c6b90eeb39
