version: 2
hub:
    repo: https://github.com/muonsoft/skills.git
    ref: main
    commit: 0eb0feb77aa2a49b4d8ed465353e907f47bdfde0
preset: experimental
include:
    - id: rust-skills
    - id: ui-ux-pro-max
    - id: web-static-frontend
    - id: modern-web-guidance
target_path: .agents/skills
selected_paths:
    - agent-memory-usage
    - agentmem-onboarding
    - banner-design
    - brand
    - closeout
    - database-migrations
    - design
    - design-system
    - improve
    - mcp-tool-input-schema
    - modern-web-guidance
    - rust-skills
    - slides
    - task-delegation
    - ui-styling
    - ui-ux-pro-max
    - web-static-frontend
hashes:
    agent-memory-usage: sha256:ad73f95434d1de4f2cd1abbf93865f61a6ff4eb9f0f2d02f6e3f7d92da1360f4
    agentmem-onboarding: sha256:0bf43e1ddf51ceacb4f2de0f88aab6fff5aca009931d9d945157c4fa41780ef0
    banner-design: sha256:1177010a0d04ccc290b7edd6af1f2d50e935fb0446dcac7b4755fbe1f6057fa4
    brand: sha256:2306f9b0c0998b0fe8852f1a0e5c95cf862e118bedb7ded02d13d08116872ee0
    closeout: sha256:6457b351aa4e6d3a922bd2d6cf66fa4cec35fa72124bb4963802316aa31ee180
    database-migrations: sha256:118ce23f4e0e7ccea54c898798d1678dc05e2b9127ad3b44a863be9a59f8bd57
    design: sha256:a297d99f681ecda7194135b109e81ebd4ed1edf5fd31439511f2c0743fa7e00a
    design-system: sha256:0e932aef72b09d7bbff9868dbd81828cb34746e57181a48c986b9be9e7041742
    improve: sha256:1a40d27e3ae48041a701c198234c5e60a6586a0992693d737f161af982f1b0cd
    mcp-tool-input-schema: sha256:313b1ce465ff6894ac82292d194155846c27b4fadab89e1b71899acdb65ad452
    modern-web-guidance: sha256:6919dab483514c10226ebad4b446b3ce1cc38f6a9339b5fd35552a9b06b05553
    rust-skills: sha256:1113ca93f8bc715820348509c5d388027771adf9bc6f11008fe727bd0a267a5e
    slides: sha256:c8476d4e9f23cb39a87a053ecfc4cb62aaa7697d366a438107686ba467ad2e65
    task-delegation: sha256:857fd4051b37a4b24b153c26ab3a078cf5f439a1838b4a1f77f1faae87c10189
    ui-styling: sha256:d17d754f5f37144d1a78096bb389f09d0aefdd7b202823746f6a25433548d5dc
    ui-ux-pro-max: sha256:d793d7740063f535595e2bc4b4b26fe7cd5ed6543982ce8a8be8a7ae5af3b724
    web-static-frontend: sha256:87f308edc1270d25cf4ee0621e055f1c1f983609f019a8e9ee1af7fd5500bb56
